<?xml version="1.0" encoding="utf-8"?>
<Project ToolsVersion="17.0" xmlns="http://schemas.microsoft.com/developer/msbuild/2003">
  <ItemGroup>
    <ClCompile Include="C:\Users\lfcas\Documents\Internship\Final\PCL\pcl_imp.cpp">
      <Filter>Source Files</Filter>
    </ClCompile>
    <ClCompile Include="Min_Cut.cpp">
      <Filter>Source Files</Filter>
    </ClCompile>
    <ClCompile Include="Color_RGS.cpp">
      <Filter>Source Files</Filter>
    </ClCompile>
    <ClCompile Include="save_labels.cpp">
      <Filter>Source Files</Filter>
    </ClCompile>
    <ClCompile Include="arg_parser.cpp">
      <Filter>Source Files</Filter>
    </ClCompile>
  </ItemGroup>
  <ItemGroup>
    <CustomBuild Include="C:\Users\lfcas\Documents\Internship\Final\PCL\CMakeLists.txt" />
  </ItemGroup>
  <ItemGroup>
    <Filter Include="Source Files">
      <UniqueIdentifier>{7B48BE61-A881-346A-90C7-2802DBDFDE02}</UniqueIdentifier>
    </Filter>
  </ItemGroup>
  <ItemGroup>
    <ClInclude Include="main.h">
      <Filter>Source Files</Filter>
    </ClInclude>
    <ClInclude Include="Color_RGS.h">
      <Filter>Source Files</Filter>
    </ClInclude>
    <ClInclude Include="Min_Cut.h">
      <Filter>Source Files</Filter>
    </ClInclude>
  </ItemGroup>
</Project>